
Microsoft Visual Studio Solution File, Format Version 12.00
# Visual Studio 15
Project("{FAE04EC0-301F-11D3-BF4B-00C04F79EFBC}") = "Assembly-CSharp", "Assembly-CSharp.csproj", "{7A5764E3-C9D1-B2A7-04EC-66CC52651535}"
EndProject
Global
	GlobalSection(SolutionConfigurationPlatforms) = preSolution
		Debug|Any CPU = Debug|Any CPU
		Release|Any CPU = Release|Any CPU
	EndGlobalSection
	GlobalSection(ProjectConfigurationPlatforms) = postSolution
		{7A5764E3-C9D1-B2A7-04EC-66CC52651535}.Debug|Any CPU.ActiveCfg = Debug|Any CPU
		{7A5764E3-C9D1-B2A7-04EC-66CC52651535}.Debug|Any CPU.Build.0 = Debug|Any CPU
		{7A5764E3-C9D1-B2A7-04EC-66CC52651535}.Release|Any CPU.ActiveCfg = Release|Any CPU
		{7A5764E3-C9D1-B2A7-04EC-66CC52651535}.Release|Any CPU.Build.0 = Release|Any CPU
	EndGlobalSection
	GlobalSection(SolutionProperties) = preSolution
		HideSolutionNode = FALSE
	EndGlobalSection
EndGlobal
